
Microsoft Visual Studio Solution File, Format Version 12.00
Project("{2150E333-8FDC-42A3-9474-1A3956D46DE8}") = "Finance", "Finance", "{360835AA-E30B-49A7-9684-62093D43A331}"
EndProject
Project("{FAE04EC0-301F-11D3-BF4B-00C04F79EFBC}") = "Finance.Migrator", "Finance\Finance.Migrator\Finance.Migrator.csproj", "{24A88F37-9463-45A2-9B81-AC410825BFA6}"
EndProject
Project("{FAE04EC0-301F-11D3-BF4B-00C04F79EFBC}") = "Shared", "Shared\Shared.csproj", "{A2B9016C-DC32-4D2A-A360-C62B84BBCDFA}"
EndProject
Project("{FAE04EC0-301F-11D3-BF4B-00C04F79EFBC}") = "Finance.Infrastructure", "Finance\Finance.Infrastructure\Finance.Infrastructure.csproj", "{26B65BFE-1DB1-483E-8A9B-089708C31D7F}"
EndProject
Project("{FAE04EC0-301F-11D3-BF4B-00C04F79EFBC}") = "Finance.Domain", "Finance\Finance.Domain\Finance.Domain.csproj", "{9A66F412-B7B6-41C3-B860-014890D0862F}"
EndProject
Project("{FAE04EC0-301F-11D3-BF4B-00C04F79EFBC}") = "Finance.Worker", "Finance\Finance.Worker\Finance.Worker.csproj", "{7E149992-28ED-4311-ADCF-E6293E42B738}"
EndProject
Project("{2150E333-8FDC-42A3-9474-1A3956D46DE8}") = "Gateway", "Gateway", "{15EF6A7A-BE8C-4BE2-8A2A-14C8C3B3607D}"
EndProject
Project("{FAE04EC0-301F-11D3-BF4B-00C04F79EFBC}") = "Gateway", "Gateway\Gateway.csproj", "{5D283ABC-F01A-4589-BAC1-0E6F4C9DA926}"
EndProject
Project("{2150E333-8FDC-42A3-9474-1A3956D46DE8}") = "Identity", "Identity", "{1DEE17EB-D00D-4638-B6F4-794BFFFCAA72}"
EndProject
Project("{FAE04EC0-301F-11D3-BF4B-00C04F79EFBC}") = "Identity.Infrastructure", "Identity\Identity.Infrastructure\Identity.Infrastructure.csproj", "{7F0B6D16-20DC-4144-87AC-B13C9C6DB193}"
EndProject
Project("{FAE04EC0-301F-11D3-BF4B-00C04F79EFBC}") = "Identity.Domain", "Identity\Identity.Domain\Identity.Domain.csproj", "{AB3E10E9-32CB-4438-90DC-2E248CE5F66C}"
EndProject
Project("{FAE04EC0-301F-11D3-BF4B-00C04F79EFBC}") = "Identity.Application", "Identity\Identity.Application\Identity.Application.csproj", "{B95A4CBA-4CF8-4B40-9A52-1AF143B92CC1}"
EndProject
Project("{FAE04EC0-301F-11D3-BF4B-00C04F79EFBC}") = "Finance.Api", "Finance\Finance.Api\Finance.Api.csproj", "{8D0C97BB-F1A5-47F5-870D-13E95F1C2892}"
EndProject
Project("{FAE04EC0-301F-11D3-BF4B-00C04F79EFBC}") = "Finance.Application", "Finance\Finance.Application\Finance.Application.csproj", "{298EDE33-F142-439F-8D16-60BFE75F5974}"
EndProject
Project("{FAE04EC0-301F-11D3-BF4B-00C04F79EFBC}") = "Identity.Api", "Identity\Identity.Api\Identity.Api.csproj", "{F5C9BD89-1F50-4F22-BF21-A90D0971D0F6}"
EndProject
Project("{FAE04EC0-301F-11D3-BF4B-00C04F79EFBC}") = "Identity.Migrator", "Identity\Identity.Migrator\Identity.Migrator.csproj", "{B5940717-2C43-4F6D-B130-FA64333B6ADD}"
EndProject
Project("{FAE04EC0-301F-11D3-BF4B-00C04F79EFBC}") = "Identity.Tests", "Identity\Identity.Tests\Identity.Tests.csproj", "{DAD33E2A-660B-4932-BAD0-9FD9A6211897}"
EndProject
Project("{FAE04EC0-301F-11D3-BF4B-00C04F79EFBC}") = "Finance.Tests", "Finance\Finance.Tests\Finance.Tests.csproj", "{CB40BCAA-0D7A-4C83-B686-50C2BB5BEF3A}"
EndProject
Global
	GlobalSection(SolutionConfigurationPlatforms) = preSolution
		Debug|Any CPU = Debug|Any CPU
		Release|Any CPU = Release|Any CPU
	EndGlobalSection
	GlobalSection(NestedProjects) = preSolution
		{24A88F37-9463-45A2-9B81-AC410825BFA6} = {360835AA-E30B-49A7-9684-62093D43A331}
		{26B65BFE-1DB1-483E-8A9B-089708C31D7F} = {360835AA-E30B-49A7-9684-62093D43A331}
		{9A66F412-B7B6-41C3-B860-014890D0862F} = {360835AA-E30B-49A7-9684-62093D43A331}
		{7E149992-28ED-4311-ADCF-E6293E42B738} = {360835AA-E30B-49A7-9684-62093D43A331}
		{5D283ABC-F01A-4589-BAC1-0E6F4C9DA926} = {15EF6A7A-BE8C-4BE2-8A2A-14C8C3B3607D}
		{7F0B6D16-20DC-4144-87AC-B13C9C6DB193} = {1DEE17EB-D00D-4638-B6F4-794BFFFCAA72}
		{AB3E10E9-32CB-4438-90DC-2E248CE5F66C} = {1DEE17EB-D00D-4638-B6F4-794BFFFCAA72}
		{B95A4CBA-4CF8-4B40-9A52-1AF143B92CC1} = {1DEE17EB-D00D-4638-B6F4-794BFFFCAA72}
		{8D0C97BB-F1A5-47F5-870D-13E95F1C2892} = {360835AA-E30B-49A7-9684-62093D43A331}
		{298EDE33-F142-439F-8D16-60BFE75F5974} = {360835AA-E30B-49A7-9684-62093D43A331}
		{F5C9BD89-1F50-4F22-BF21-A90D0971D0F6} = {1DEE17EB-D00D-4638-B6F4-794BFFFCAA72}
		{B5940717-2C43-4F6D-B130-FA64333B6ADD} = {1DEE17EB-D00D-4638-B6F4-794BFFFCAA72}
		{DAD33E2A-660B-4932-BAD0-9FD9A6211897} = {1DEE17EB-D00D-4638-B6F4-794BFFFCAA72}
		{CB40BCAA-0D7A-4C83-B686-50C2BB5BEF3A} = {360835AA-E30B-49A7-9684-62093D43A331}
	EndGlobalSection
	GlobalSection(ProjectConfigurationPlatforms) = postSolution
		{24A88F37-9463-45A2-9B81-AC410825BFA6}.Debug|Any CPU.ActiveCfg = Debug|Any CPU
		{24A88F37-9463-45A2-9B81-AC410825BFA6}.Debug|Any CPU.Build.0 = Debug|Any CPU
		{24A88F37-9463-45A2-9B81-AC410825BFA6}.Release|Any CPU.ActiveCfg = Release|Any CPU
		{24A88F37-9463-45A2-9B81-AC410825BFA6}.Release|Any CPU.Build.0 = Release|Any CPU
		{A2B9016C-DC32-4D2A-A360-C62B84BBCDFA}.Debug|Any CPU.ActiveCfg = Debug|Any CPU
		{A2B9016C-DC32-4D2A-A360-C62B84BBCDFA}.Debug|Any CPU.Build.0 = Debug|Any CPU
		{A2B9016C-DC32-4D2A-A360-C62B84BBCDFA}.Release|Any CPU.ActiveCfg = Release|Any CPU
		{A2B9016C-DC32-4D2A-A360-C62B84BBCDFA}.Release|Any CPU.Build.0 = Release|Any CPU
		{26B65BFE-1DB1-483E-8A9B-089708C31D7F}.Debug|Any CPU.ActiveCfg = Debug|Any CPU
		{26B65BFE-1DB1-483E-8A9B-089708C31D7F}.Debug|Any CPU.Build.0 = Debug|Any CPU
		{26B65BFE-1DB1-483E-8A9B-089708C31D7F}.Release|Any CPU.ActiveCfg = Release|Any CPU
		{26B65BFE-1DB1-483E-8A9B-089708C31D7F}.Release|Any CPU.Build.0 = Release|Any CPU
		{9A66F412-B7B6-41C3-B860-014890D0862F}.Debug|Any CPU.ActiveCfg = Debug|Any CPU
		{9A66F412-B7B6-41C3-B860-014890D0862F}.Debug|Any CPU.Build.0 = Debug|Any CPU
		{9A66F412-B7B6-41C3-B860-014890D0862F}.Release|Any CPU.ActiveCfg = Release|Any CPU
		{9A66F412-B7B6-41C3-B860-014890D0862F}.Release|Any CPU.Build.0 = Release|Any CPU
		{7E149992-28ED-4311-ADCF-E6293E42B738}.Debug|Any CPU.ActiveCfg = Debug|Any CPU
		{7E149992-28ED-4311-ADCF-E6293E42B738}.Debug|Any CPU.Build.0 = Debug|Any CPU
		{7E149992-28ED-4311-ADCF-E6293E42B738}.Release|Any CPU.ActiveCfg = Release|Any CPU
		{7E149992-28ED-4311-ADCF-E6293E42B738}.Release|Any CPU.Build.0 = Release|Any CPU
		{5D283ABC-F01A-4589-BAC1-0E6F4C9DA926}.Debug|Any CPU.ActiveCfg = Debug|Any CPU
		{5D283ABC-F01A-4589-BAC1-0E6F4C9DA926}.Debug|Any CPU.Build.0 = Debug|Any CPU
		{5D283ABC-F01A-4589-BAC1-0E6F4C9DA926}.Release|Any CPU.ActiveCfg = Release|Any CPU
		{5D283ABC-F01A-4589-BAC1-0E6F4C9DA926}.Release|Any CPU.Build.0 = Release|Any CPU
		{7F0B6D16-20DC-4144-87AC-B13C9C6DB193}.Debug|Any CPU.ActiveCfg = Debug|Any CPU
		{7F0B6D16-20DC-4144-87AC-B13C9C6DB193}.Debug|Any CPU.Build.0 = Debug|Any CPU
		{7F0B6D16-20DC-4144-87AC-B13C9C6DB193}.Release|Any CPU.ActiveCfg = Release|Any CPU
		{7F0B6D16-20DC-4144-87AC-B13C9C6DB193}.Release|Any CPU.Build.0 = Release|Any CPU
		{AB3E10E9-32CB-4438-90DC-2E248CE5F66C}.Debug|Any CPU.ActiveCfg = Debug|Any CPU
		{AB3E10E9-32CB-4438-90DC-2E248CE5F66C}.Debug|Any CPU.Build.0 = Debug|Any CPU
		{AB3E10E9-32CB-4438-90DC-2E248CE5F66C}.Release|Any CPU.ActiveCfg = Release|Any CPU
		{AB3E10E9-32CB-4438-90DC-2E248CE5F66C}.Release|Any CPU.Build.0 = Release|Any CPU
		{B95A4CBA-4CF8-4B40-9A52-1AF143B92CC1}.Debug|Any CPU.ActiveCfg = Debug|Any CPU
		{B95A4CBA-4CF8-4B40-9A52-1AF143B92CC1}.Debug|Any CPU.Build.0 = Debug|Any CPU
		{B95A4CBA-4CF8-4B40-9A52-1AF143B92CC1}.Release|Any CPU.ActiveCfg = Release|Any CPU
		{B95A4CBA-4CF8-4B40-9A52-1AF143B92CC1}.Release|Any CPU.Build.0 = Release|Any CPU
		{8D0C97BB-F1A5-47F5-870D-13E95F1C2892}.Debug|Any CPU.ActiveCfg = Debug|Any CPU
		{8D0C97BB-F1A5-47F5-870D-13E95F1C2892}.Debug|Any CPU.Build.0 = Debug|Any CPU
		{8D0C97BB-F1A5-47F5-870D-13E95F1C2892}.Release|Any CPU.ActiveCfg = Release|Any CPU
		{8D0C97BB-F1A5-47F5-870D-13E95F1C2892}.Release|Any CPU.Build.0 = Release|Any CPU
		{298EDE33-F142-439F-8D16-60BFE75F5974}.Debug|Any CPU.ActiveCfg = Debug|Any CPU
		{298EDE33-F142-439F-8D16-60BFE75F5974}.Debug|Any CPU.Build.0 = Debug|Any CPU
		{298EDE33-F142-439F-8D16-60BFE75F5974}.Release|Any CPU.ActiveCfg = Release|Any CPU
		{298EDE33-F142-439F-8D16-60BFE75F5974}.Release|Any CPU.Build.0 = Release|Any CPU
		{F5C9BD89-1F50-4F22-BF21-A90D0971D0F6}.Debug|Any CPU.ActiveCfg = Debug|Any CPU
		{F5C9BD89-1F50-4F22-BF21-A90D0971D0F6}.Debug|Any CPU.Build.0 = Debug|Any CPU
		{F5C9BD89-1F50-4F22-BF21-A90D0971D0F6}.Release|Any CPU.ActiveCfg = Release|Any CPU
		{F5C9BD89-1F50-4F22-BF21-A90D0971D0F6}.Release|Any CPU.Build.0 = Release|Any CPU
		{B5940717-2C43-4F6D-B130-FA64333B6ADD}.Debug|Any CPU.ActiveCfg = Debug|Any CPU
		{B5940717-2C43-4F6D-B130-FA64333B6ADD}.Debug|Any CPU.Build.0 = Debug|Any CPU
		{B5940717-2C43-4F6D-B130-FA64333B6ADD}.Release|Any CPU.ActiveCfg = Release|Any CPU
		{B5940717-2C43-4F6D-B130-FA64333B6ADD}.Release|Any CPU.Build.0 = Release|Any CPU
		{DAD33E2A-660B-4932-BAD0-9FD9A6211897}.Debug|Any CPU.ActiveCfg = Debug|Any CPU
		{DAD33E2A-660B-4932-BAD0-9FD9A6211897}.Debug|Any CPU.Build.0 = Debug|Any CPU
		{DAD33E2A-660B-4932-BAD0-9FD9A6211897}.Release|Any CPU.ActiveCfg = Release|Any CPU
		{DAD33E2A-660B-4932-BAD0-9FD9A6211897}.Release|Any CPU.Build.0 = Release|Any CPU
		{CB40BCAA-0D7A-4C83-B686-50C2BB5BEF3A}.Debug|Any CPU.ActiveCfg = Debug|Any CPU
		{CB40BCAA-0D7A-4C83-B686-50C2BB5BEF3A}.Debug|Any CPU.Build.0 = Debug|Any CPU
		{CB40BCAA-0D7A-4C83-B686-50C2BB5BEF3A}.Release|Any CPU.ActiveCfg = Release|Any CPU
		{CB40BCAA-0D7A-4C83-B686-50C2BB5BEF3A}.Release|Any CPU.Build.0 = Release|Any CPU
	EndGlobalSection
EndGlobal
